
Microsoft Visual Studio Solution File, Format Version 12.00
# Visual Studio Version 17
VisualStudioVersion = 17.1.32407.343
MinimumVisualStudioVersion = 10.0.40219.1
Project("{FAE04EC0-301F-11D3-BF4B-00C04F79EFBC}") = "ASK_P5", "posk5\ASK_P5.csproj", "{B7D8CC23-21CB-458C-AF95-AF1C0FE15BBF}"
EndProject
Global
	GlobalSection(SolutionConfigurationPlatforms) = preSolution
		Debug|Any CPU = Debug|Any CPU
		Release|Any CPU = Release|Any CPU
	EndGlobalSection
	GlobalSection(ProjectConfigurationPlatforms) = postSolution
		{B7D8CC23-21CB-458C-AF95-AF1C0FE15BBF}.Debug|Any CPU.ActiveCfg = Debug|Any CPU
		{B7D8CC23-21CB-458C-AF95-AF1C0FE15BBF}.Debug|Any CPU.Build.0 = Debug|Any CPU
		{B7D8CC23-21CB-458C-AF95-AF1C0FE15BBF}.Release|Any CPU.ActiveCfg = Release|Any CPU
		{B7D8CC23-21CB-458C-AF95-AF1C0FE15BBF}.Release|Any CPU.Build.0 = Release|Any CPU
	EndGlobalSection
	GlobalSection(SolutionProperties) = preSolution
		HideSolutionNode = FALSE
	EndGlobalSection
	GlobalSection(ExtensibilityGlobals) = postSolution
		SolutionGuid = {6484BFED-E8EC-4A9D-82A4-EC8A6EA6DCDE}
	EndGlobalSection
EndGlobal
